
Microsoft Visual Studio Solution File, Format Version 12.00
# Visual Studio Version 16
VisualStudioVersion = 16.0.29403.142
MinimumVisualStudioVersion = 10.0.40219.1
Project("{9A19103F-16F7-4668-BE54-9A1E7A4F7556}") = "1HuffmanСoding", "LabWork\1HuffmanСoding.csproj", "{00A9D07E-DF95-42FC-B750-471FB9D65BC4}"
EndProject
Project("{9A19103F-16F7-4668-BE54-9A1E7A4F7556}") = "2Fano-ShannonCodes", "Fano-ShannonCodes\2Fano-ShannonCodes.csproj", "{03927D41-061C-41E4-A5B6-35327BC957CC}"
EndProject
Project("{9A19103F-16F7-4668-BE54-9A1E7A4F7556}") = "3ArithmeticCoding", "3ArithmeticCoding\3ArithmeticCoding.csproj", "{8B116C26-D6BB-4967-9BBF-D3700CCE86A9}"
EndProject
Project("{FAE04EC0-301F-11D3-BF4B-00C04F79EFBC}") = "5LZ77", "5LZ77\5LZ77.csproj", "{594938BB-FB82-46FA-AFED-094085DE0C5A}"
EndProject
Global
	GlobalSection(SolutionConfigurationPlatforms) = preSolution
		Debug|Any CPU = Debug|Any CPU
		Release|Any CPU = Release|Any CPU
	EndGlobalSection
	GlobalSection(ProjectConfigurationPlatforms) = postSolution
		{00A9D07E-DF95-42FC-B750-471FB9D65BC4}.Debug|Any CPU.ActiveCfg = Debug|Any CPU
		{00A9D07E-DF95-42FC-B750-471FB9D65BC4}.Debug|Any CPU.Build.0 = Debug|Any CPU
		{00A9D07E-DF95-42FC-B750-471FB9D65BC4}.Release|Any CPU.ActiveCfg = Release|Any CPU
		{00A9D07E-DF95-42FC-B750-471FB9D65BC4}.Release|Any CPU.Build.0 = Release|Any CPU
		{03927D41-061C-41E4-A5B6-35327BC957CC}.Debug|Any CPU.ActiveCfg = Debug|Any CPU
		{03927D41-061C-41E4-A5B6-35327BC957CC}.Debug|Any CPU.Build.0 = Debug|Any CPU
		{03927D41-061C-41E4-A5B6-35327BC957CC}.Release|Any CPU.ActiveCfg = Release|Any CPU
		{03927D41-061C-41E4-A5B6-35327BC957CC}.Release|Any CPU.Build.0 = Release|Any CPU
		{8B116C26-D6BB-4967-9BBF-D3700CCE86A9}.Debug|Any CPU.ActiveCfg = Debug|Any CPU
		{8B116C26-D6BB-4967-9BBF-D3700CCE86A9}.Debug|Any CPU.Build.0 = Debug|Any CPU
		{8B116C26-D6BB-4967-9BBF-D3700CCE86A9}.Release|Any CPU.ActiveCfg = Release|Any CPU
		{8B116C26-D6BB-4967-9BBF-D3700CCE86A9}.Release|Any CPU.Build.0 = Release|Any CPU
		{594938BB-FB82-46FA-AFED-094085DE0C5A}.Debug|Any CPU.ActiveCfg = Debug|Any CPU
		{594938BB-FB82-46FA-AFED-094085DE0C5A}.Debug|Any CPU.Build.0 = Debug|Any CPU
		{594938BB-FB82-46FA-AFED-094085DE0C5A}.Release|Any CPU.ActiveCfg = Release|Any CPU
		{594938BB-FB82-46FA-AFED-094085DE0C5A}.Release|Any CPU.Build.0 = Release|Any CPU
	EndGlobalSection
	GlobalSection(SolutionProperties) = preSolution
		HideSolutionNode = FALSE
	EndGlobalSection
	GlobalSection(ExtensibilityGlobals) = postSolution
		SolutionGuid = {038C7F87-908C-4058-87D6-416DA9BF0EF0}
	EndGlobalSection
EndGlobal
